// !$*UTF8*$!
{
	archiveVersion = 1;
	classes = {
	};
	objectVersion = 55;
	objects = {

/* Begin PBXBuildFile section */
		AC02FA912957345300C6DBB0 /* AppDelegate.swift in Sources */ = {isa = PBXBuildFile; fileRef = AC02FA902957345300C6DBB0 /* AppDelegate.swift */; };
		AC02FA932957345300C6DBB0 /* SceneDelegate.swift in Sources */ = {isa = PBXBuildFile; fileRef = AC02FA922957345300C6DBB0 /* SceneDelegate.swift */; };
		AC02FA952957345300C6DBB0 /* ViewController.swift in Sources */ = {isa = PBXBuildFile; fileRef = AC02FA942957345300C6DBB0 /* ViewController.swift */; };
		AC02FA982957345300C6DBB0 /* Main.storyboard in Resources */ = {isa = PBXBuildFile; fileRef = AC02FA962957345300C6DBB0 /* Main.storyboard */; };
		AC02FA9A2957345B00C6DBB0 /* Assets.xcassets in Resources */ = {isa = PBXBuildFile; fileRef = AC02FA992957345B00C6DBB0 /* Assets.xcassets */; };
		AC02FA9D2957345B00C6DBB0 /* LaunchScreen.storyboard in Resources */ = {isa = PBXBuildFile; fileRef = AC02FA9B2957345B00C6DBB0 /* LaunchScreen.storyboard */; };
		AC02FAA52957349200C6DBB0 /* RatingControl.swift in Sources */ = {isa = PBXBuildFile; fileRef = AC02FAA42957349200C6DBB0 /* RatingControl.swift */; };
		ACBFF14E295F766F008A2A15 /* MapViewController.swift in Sources */ = {isa = PBXBuildFile; fileRef = ACBFF14D295F766E008A2A15 /* MapViewController.swift */; };
		ACC9F99B295CB817007C2C72 /* MainTableViewController.swift in Sources */ = {isa = PBXBuildFile; fileRef = ACC9F99A295CB817007C2C72 /* MainTableViewController.swift */; };
		ACC9F99D295CB8E4007C2C72 /* DetailTableViewController.swift in Sources */ = {isa = PBXBuildFile; fileRef = ACC9F99C295CB8E4007C2C72 /* DetailTableViewController.swift */; };
		ACC9F99F295CC364007C2C72 /* MainCell.swift in Sources */ = {isa = PBXBuildFile; fileRef = ACC9F99E295CC364007C2C72 /* MainCell.swift */; };
		ACC9F9A1295CDAC4007C2C72 /* Place.swift in Sources */ = {isa = PBXBuildFile; fileRef = ACC9F9A0295CDAC4007C2C72 /* Place.swift */; };
		ACC9F9A3295DC4A0007C2C72 /* StorageManager.swift in Sources */ = {isa = PBXBuildFile; fileRef = ACC9F9A2295DC4A0007C2C72 /* StorageManager.swift */; };
		ACD020D629622FFF0035168B /* VC + Extension.swift in Sources */ = {isa = PBXBuildFile; fileRef = ACD020D529622FFF0035168B /* VC + Extension.swift */; };
		D8DF09772CC244F1763FE428 /* Pods_IFood.framework in Frameworks */ = {isa = PBXBuildFile; fileRef = 72C15B91A1285F907350EBE7 /* Pods_IFood.framework */; };
/* End PBXBuildFile section */

/* Begin PBXFileReference section */
		643217581C26900DC30283FC /* Pods-IFood.release.xcconfig */ = {isa = PBXFileReference; includeInIndex = 1; lastKnownFileType = text.xcconfig; name = "Pods-IFood.release.xcconfig"; path = "Target Support Files/Pods-IFood/Pods-IFood.release.xcconfig"; sourceTree = "<group>"; };
		72C15B91A1285F907350EBE7 /* Pods_IFood.framework */ = {isa = PBXFileReference; explicitFileType = wrapper.framework; includeInIndex = 0; path = Pods_IFood.framework; sourceTree = BUILT_PRODUCTS_DIR; };
		A798E1706FB9E78278E9618F /* Pods-IFood.debug.xcconfig */ = {isa = PBXFileReference; includeInIndex = 1; lastKnownFileType = text.xcconfig; name = "Pods-IFood.debug.xcconfig"; path = "Target Support Files/Pods-IFood/Pods-IFood.debug.xcconfig"; sourceTree = "<group>"; };
		AC02FA8D2957345300C6DBB0 /* IFood.app */ = {isa = PBXFileReference; explicitFileType = wrapper.application; includeInIndex = 0; path = IFood.app; sourceTree = BUILT_PRODUCTS_DIR; };
		AC02FA902957345300C6DBB0 /* AppDelegate.swift */ = {isa = PBXFileReference; lastKnownFileType = sourcecode.swift; path = AppDelegate.swift; sourceTree = "<group>"; };
		AC02FA922957345300C6DBB0 /* SceneDelegate.swift */ = {isa = PBXFileReference; lastKnownFileType = sourcecode.swift; path = SceneDelegate.swift; sourceTree = "<group>"; };
		AC02FA942957345300C6DBB0 /* ViewController.swift */ = {isa = PBXFileReference; lastKnownFileType = sourcecode.swift; path = ViewController.swift; sourceTree = "<group>"; };
		AC02FA972957345300C6DBB0 /* Base */ = {isa = PBXFileReference; lastKnownFileType = file.storyboard; name = Base; path = Base.lproj/Main.storyboard; sourceTree = "<group>"; };
		AC02FA992957345B00C6DBB0 /* Assets.xcassets */ = {isa = PBXFileReference; lastKnownFileType = folder.assetcatalog; path = Assets.xcassets; sourceTree = "<group>"; };
		AC02FA9C2957345B00C6DBB0 /* Base */ = {isa = PBXFileReference; lastKnownFileType = file.storyboard; name = Base; path = Base.lproj/LaunchScreen.storyboard; sourceTree = "<group>"; };
		AC02FA9E2957345B00C6DBB0 /* Info.plist */ = {isa = PBXFileReference; lastKnownFileType = text.plist.xml; path = Info.plist; sourceTree = "<group>"; };
		AC02FAA42957349200C6DBB0 /* RatingControl.swift */ = {isa = PBXFileReference; lastKnownFileType = sourcecode.swift; path = RatingControl.swift; sourceTree = "<group>"; };
		ACBFF14D295F766E008A2A15 /* MapViewController.swift */ = {isa = PBXFileReference; lastKnownFileType = sourcecode.swift; path = MapViewController.swift; sourceTree = "<group>"; };
		ACC9F99A295CB817007C2C72 /* MainTableViewController.swift */ = {isa = PBXFileReference; lastKnownFileType = sourcecode.swift; path = MainTableViewController.swift; sourceTree = "<group>"; };
		ACC9F99C295CB8E4007C2C72 /* DetailTableViewController.swift */ = {isa = PBXFileReference; lastKnownFileType = sourcecode.swift; path = DetailTableViewController.swift; sourceTree = "<group>"; };
		ACC9F99E295CC364007C2C72 /* MainCell.swift */ = {isa = PBXFileReference; lastKnownFileType = sourcecode.swift; path = MainCell.swift; sourceTree = "<group>"; };
		ACC9F9A0295CDAC4007C2C72 /* Place.swift */ = {isa = PBXFileReference; lastKnownFileType = sourcecode.swift; path = Place.swift; sourceTree = "<group>"; };
		ACC9F9A2295DC4A0007C2C72 /* StorageManager.swift */ = {isa = PBXFileReference; lastKnownFileType = sourcecode.swift; path = StorageManager.swift; sourceTree = "<group>"; };
		ACD020D529622FFF0035168B /* VC + Extension.swift */ = {isa = PBXFileReference; lastKnownFileType = sourcecode.swift; path = "VC + Extension.swift"; sourceTree = "<group>"; };
/* End PBXFileReference section */

/* Begin PBXFrameworksBuildPhase section */
		AC02FA8A2957345300C6DBB0 /* Frameworks */ = {
			isa = PBXFrameworksBuildPhase;
			buildActionMask = 2147483647;
			files = (
				D8DF09772CC244F1763FE428 /* Pods_IFood.framework in Frameworks */,
			);
			runOnlyForDeploymentPostprocessing = 0;
		};
/* End PBXFrameworksBuildPhase section */

/* Begin PBXGroup section */
		3DA0A00653D226FD709E70C6 /* Pods */ = {
			isa = PBXGroup;
			children = (
				A798E1706FB9E78278E9618F /* Pods-IFood.debug.xcconfig */,
				643217581C26900DC30283FC /* Pods-IFood.release.xcconfig */,
			);
			path = Pods;
			sourceTree = "<group>";
		};
		AC02FA842957345300C6DBB0 = {
			isa = PBXGroup;
			children = (
				AC02FA8F2957345300C6DBB0 /* IFood */,
				AC02FA8E2957345300C6DBB0 /* Products */,
				3DA0A00653D226FD709E70C6 /* Pods */,
				B0BF5064EA4FA116BABD0540 /* Frameworks */,
			);
			sourceTree = "<group>";
		};
		AC02FA8E2957345300C6DBB0 /* Products */ = {
			isa = PBXGroup;
			children = (
				AC02FA8D2957345300C6DBB0 /* IFood.app */,
			);
			name = Products;
			sourceTree = "<group>";
		};
		AC02FA8F2957345300C6DBB0 /* IFood */ = {
			isa = PBXGroup;
			children = (
				AC02FA902957345300C6DBB0 /* AppDelegate.swift */,
				AC02FA922957345300C6DBB0 /* SceneDelegate.swift */,
				AC02FA942957345300C6DBB0 /* ViewController.swift */,
				ACC9F99A295CB817007C2C72 /* MainTableViewController.swift */,
				ACC9F99C295CB8E4007C2C72 /* DetailTableViewController.swift */,
				ACBFF14D295F766E008A2A15 /* MapViewController.swift */,
				ACC9F99E295CC364007C2C72 /* MainCell.swift */,
				ACC9F9A0295CDAC4007C2C72 /* Place.swift */,
				ACC9F9A2295DC4A0007C2C72 /* StorageManager.swift */,
				AC02FAA42957349200C6DBB0 /* RatingControl.swift */,
				ACD020D529622FFF0035168B /* VC + Extension.swift */,
				AC02FA962957345300C6DBB0 /* Main.storyboard */,
				AC02FA992957345B00C6DBB0 /* Assets.xcassets */,
				AC02FA9B2957345B00C6DBB0 /* LaunchScreen.storyboard */,
				AC02FA9E2957345B00C6DBB0 /* Info.plist */,
			);
			path = IFood;
			sourceTree = "<group>";
		};
		B0BF5064EA4FA116BABD0540 /* Frameworks */ = {
			isa = PBXGroup;
			children = (
				72C15B91A1285F907350EBE7 /* Pods_IFood.framework */,
			);
			name = Frameworks;
			sourceTree = "<group>";
		};
/* End PBXGroup section */

/* Begin PBXNativeTarget section */
		AC02FA8C2957345300C6DBB0 /* IFood */ = {
			isa = PBXNativeTarget;
			buildConfigurationList = AC02FAA12957345B00C6DBB0 /* Build configuration list for PBXNativeTarget "IFood" */;
			buildPhases = (
				F4F55E3B3C0AEE21838B168C /* [CP] Check Pods Manifest.lock */,
				AC02FA892957345300C6DBB0 /* Sources */,
				AC02FA8A2957345300C6DBB0 /* Frameworks */,
				AC02FA8B2957345300C6DBB0 /* Resources */,
				BE57DF756EFD7ED636B11811 /* [CP] Embed Pods Frameworks */,
			);
			buildRules = (
			);
			dependencies = (
			);
			name = IFood;
			productName = IFood;
			productReference = AC02FA8D2957345300C6DBB0 /* IFood.app */;
			productType = "com.apple.product-type.application";
		};
/* End PBXNativeTarget section */

/* Begin PBXProject section */
		AC02FA852957345300C6DBB0 /* Project object */ = {
			isa = PBXProject;
			attributes = {
				BuildIndependentTargetsInParallel = 1;
				LastSwiftUpdateCheck = 1320;
				LastUpgradeCheck = 1320;
				TargetAttributes = {
					AC02FA8C2957345300C6DBB0 = {
						CreatedOnToolsVersion = 13.2.1;
					};
				};
			};
			buildConfigurationList = AC02FA882957345300C6DBB0 /* Build configuration list for PBXProject "IFood" */;
			compatibilityVersion = "Xcode 13.0";
			developmentRegion = en;
			hasScannedForEncodings = 0;
			knownRegions = (
				en,
				Base,
			);
			mainGroup = AC02FA842957345300C6DBB0;
			productRefGroup = AC02FA8E2957345300C6DBB0 /* Products */;
			projectDirPath = "";
			projectRoot = "";
			targets = (
				AC02FA8C2957345300C6DBB0 /* IFood */,
			);
		};
/* End PBXProject section */

/* Begin PBXResourcesBuildPhase section */
		AC02FA8B2957345300C6DBB0 /* Resources */ = {
			isa = PBXResourcesBuildPhase;
			buildActionMask = 2147483647;
			files = (
				AC02FA9D2957345B00C6DBB0 /* LaunchScreen.storyboard in Resources */,
				AC02FA9A2957345B00C6DBB0 /* Assets.xcassets in Resources */,
				AC02FA982957345300C6DBB0 /* Main.storyboard in Resources */,
			);
			runOnlyForDeploymentPostprocessing = 0;
		};
/* End PBXResourcesBuildPhase section */

/* Begin PBXShellScriptBuildPhase section */
		BE57DF756EFD7ED636B11811 /* [CP] Embed Pods Frameworks */ = {
			isa = PBXShellScriptBuildPhase;
			buildActionMask = 2147483647;
			files = (
			);
			inputFileListPaths = (
				"${PODS_ROOT}/Target Support Files/Pods-IFood/Pods-IFood-frameworks-${CONFIGURATION}-input-files.xcfilelist",
			);
			name = "[CP] Embed Pods Frameworks";
			outputFileListPaths = (
				"${PODS_ROOT}/Target Support Files/Pods-IFood/Pods-IFood-frameworks-${CONFIGURATION}-output-files.xcfilelist",
			);
			runOnlyForDeploymentPostprocessing = 0;
			shellPath = /bin/sh;
			shellScript = "\"${PODS_ROOT}/Target Support Files/Pods-IFood/Pods-IFood-frameworks.sh\"\n";
			showEnvVarsInLog = 0;
		};
		F4F55E3B3C0AEE21838B168C /* [CP] Check Pods Manifest.lock */ = {
			isa = PBXShellScriptBuildPhase;
			buildActionMask = 2147483647;
			files = (
			);
			inputFileListPaths = (
			);
			inputPaths = (
				"${PODS_PODFILE_DIR_PATH}/Podfile.lock",
				"${PODS_ROOT}/Manifest.lock",
			);
			name = "[CP] Check Pods Manifest.lock";
			outputFileListPaths = (
			);
			outputPaths = (
				"$(DERIVED_FILE_DIR)/Pods-IFood-checkManifestLockResult.txt",
			);
			runOnlyForDeploymentPostprocessing = 0;
			shellPath = /bin/sh;
			shellScript = "diff \"${PODS_PODFILE_DIR_PATH}/Podfile.lock\" \"${PODS_ROOT}/Manifest.lock\" > /dev/null\nif [ $? != 0 ] ; then\n    # print error to STDERR\n    echo \"error: The sandbox is not in sync with the Podfile.lock. Run 'pod install' or update your CocoaPods installation.\" >&2\n    exit 1\nfi\n# This output is used by Xcode 'outputs' to avoid re-running this script phase.\necho \"SUCCESS\" > \"${SCRIPT_OUTPUT_FILE_0}\"\n";
			showEnvVarsInLog = 0;
		};
/* End PBXShellScriptBuildPhase section */

/* Begin PBXSourcesBuildPhase section */
		AC02FA892957345300C6DBB0 /* Sources */ = {
			isa = PBXSourcesBuildPhase;
			buildActionMask = 2147483647;
			files = (
				ACC9F99D295CB8E4007C2C72 /* DetailTableViewController.swift in Sources */,
				ACC9F99F295CC364007C2C72 /* MainCell.swift in Sources */,
				AC02FAA52957349200C6DBB0 /* RatingControl.swift in Sources */,
				ACBFF14E295F766F008A2A15 /* MapViewController.swift in Sources */,
				ACC9F9A3295DC4A0007C2C72 /* StorageManager.swift in Sources */,
				ACC9F9A1295CDAC4007C2C72 /* Place.swift in Sources */,
				AC02FA952957345300C6DBB0 /* ViewController.swift in Sources */,
				ACD020D629622FFF0035168B /* VC + Extension.swift in Sources */,
				AC02FA912957345300C6DBB0 /* AppDelegate.swift in Sources */,
				ACC9F99B295CB817007C2C72 /* MainTableViewController.swift in Sources */,
				AC02FA932957345300C6DBB0 /* SceneDelegate.swift in Sources */,
			);
			runOnlyForDeploymentPostprocessing = 0;
		};
/* End PBXSourcesBuildPhase section */

/* Begin PBXVariantGroup section */
		AC02FA962957345300C6DBB0 /* Main.storyboard */ = {
			isa = PBXVariantGroup;
			children = (
				AC02FA972957345300C6DBB0 /* Base */,
			);
			name = Main.storyboard;
			sourceTree = "<group>";
		};
		AC02FA9B2957345B00C6DBB0 /* LaunchScreen.storyboard */ = {
			isa = PBXVariantGroup;
			children = (
				AC02FA9C2957345B00C6DBB0 /* Base */,
			);
			name = LaunchScreen.storyboard;
			sourceTree = "<group>";
		};
/* End PBXVariantGroup section */

/* Begin XCBuildConfiguration section */
		AC02FA9F2957345B00C6DBB0 /* Debug */ = {
			isa = XCBuildConfiguration;
			buildSettings = {
				ALWAYS_SEARCH_USER_PATHS = NO;
				CLANG_ANALYZER_NONNULL = YES;
				CLANG_ANALYZER_NUMBER_OBJECT_CONVERSION = YES_AGGRESSIVE;
				CLANG_CXX_LANGUAGE_STANDARD = "gnu++17";
				CLANG_CXX_LIBRARY = "libc++";
				CLANG_ENABLE_MODULES = YES;
				CLANG_ENABLE_OBJC_ARC = YES;
				CLANG_ENABLE_OBJC_WEAK = YES;
				CLANG_WARN_BLOCK_CAPTURE_AUTORELEASING = YES;
				CLANG_WARN_BOOL_CONVERSION = YES;
				CLANG_WARN_COMMA = YES;
				CLANG_WARN_CONSTANT_CONVERSION = YES;
				CLANG_WARN_DEPRECATED_OBJC_IMPLEMENTATIONS = YES;
				CLANG_WARN_DIRECT_OBJC_ISA_USAGE = YES_ERROR;
				CLANG_WARN_DOCUMENTATION_COMMENTS = YES;
				CLANG_WARN_EMPTY_BODY = YES;
				CLANG_WARN_ENUM_CONVERSION = YES;
				CLANG_WARN_INFINITE_RECURSION = YES;
				CLANG_WARN_INT_CONVERSION = YES;
				CLANG_WARN_NON_LITERAL_NULL_CONVERSION = YES;
				CLANG_WARN_OBJC_IMPLICIT_RETAIN_SELF = YES;
				CLANG_WARN_OBJC_LITERAL_CONVERSION = YES;
				CLANG_WARN_OBJC_ROOT_CLASS = YES_ERROR;
				CLANG_WARN_QUOTED_INCLUDE_IN_FRAMEWORK_HEADER = YES;
				CLANG_WARN_RANGE_LOOP_ANALYSIS = YES;
				CLANG_WARN_STRICT_PROTOTYPES = YES;
				CLANG_WARN_SUSPICIOUS_MOVE = YES;
				CLANG_WARN_UNGUARDED_AVAILABILITY = YES_AGGRESSIVE;
				CLANG_WARN_UNREACHABLE_CODE = YES;
				CLANG_WARN__DUPLICATE_METHOD_MATCH = YES;
				COPY_PHASE_STRIP = NO;
				DEBUG_INFORMATION_FORMAT = dwarf;
				ENABLE_STRICT_OBJC_MSGSEND = YES;
				ENABLE_TESTABILITY = YES;
				GCC_C_LANGUAGE_STANDARD = gnu11;
				GCC_DYNAMIC_NO_PIC = NO;
				GCC_NO_COMMON_BLOCKS = YES;
				GCC_OPTIMIZATION_LEVEL = 0;
				GCC_PREPROCESSOR_DEFINITIONS = (
					"DEBUG=1",
					"$(inherited)",
				);
				GCC_WARN_64_TO_32_BIT_CONVERSION = YES;
				GCC_WARN_ABOUT_RETURN_TYPE = YES_ERROR;
				GCC_WARN_UNDECLARED_SELECTOR = YES;
				GCC_WARN_UNINITIALIZED_AUTOS = YES_AGGRESSIVE;
				GCC_WARN_UNUSED_FUNCTION = YES;
				GCC_WARN_UNUSED_VARIABLE = YES;
				IPHONEOS_DEPLOYMENT_TARGET = 15.2;
				MTL_ENABLE_DEBUG_INFO = INCLUDE_SOURCE;
				MTL_FAST_MATH = YES;
				ONLY_ACTIVE_ARCH = YES;
				SDKROOT = iphoneos;
				SWIFT_ACTIVE_COMPILATION_CONDITIONS = DEBUG;
				SWIFT_OPTIMIZATION_LEVEL = "-Onone";
			};
			name = Debug;
		};
		AC02FAA02957345B00C6DBB0 /* Release */ = {
			isa = XCBuildConfiguration;
			buildSettings = {
				ALWAYS_SEARCH_USER_PATHS = NO;
				CLANG_ANALYZER_NONNULL = YES;
				CLANG_ANALYZER_NUMBER_OBJECT_CONVERSION = YES_AGGRESSIVE;
				CLANG_CXX_LANGUAGE_STANDARD = "gnu++17";
				CLANG_CXX_LIBRARY = "libc++";
				CLANG_ENABLE_MODULES = YES;
				CLANG_ENABLE_OBJC_ARC = YES;
				CLANG_ENABLE_OBJC_WEAK = YES;
				CLANG_WARN_BLOCK_CAPTURE_AUTORELEASING = YES;
				CLANG_WARN_BOOL_CONVERSION = YES;
				CLANG_WARN_COMMA = YES;
				CLANG_WARN_CONSTANT_CONVERSION = YES;
				CLANG_WARN_DEPRECATED_OBJC_IMPLEMENTATIONS = YES;
				CLANG_WARN_DIRECT_OBJC_ISA_USAGE = YES_ERROR;
				CLANG_WARN_DOCUMENTATION_COMMENTS = YES;
				CLANG_WARN_EMPTY_BODY = YES;
				CLANG_WARN_ENUM_CONVERSION = YES;
				CLANG_WARN_INFINITE_RECURSION = YES;
				CLANG_WARN_INT_CONVERSION = YES;
				CLANG_WARN_NON_LITERAL_NULL_CONVERSION = YES;
				CLANG_WARN_OBJC_IMPLICIT_RETAIN_SELF = YES;
				CLANG_WARN_OBJC_LITERAL_CONVERSION = YES;
				CLANG_WARN_OBJC_ROOT_CLASS = YES_ERROR;
				CLANG_WARN_QUOTED_INCLUDE_IN_FRAMEWORK_HEADER = YES;
				CLANG_WARN_RANGE_LOOP_ANALYSIS = YES;
				CLANG_WARN_STRICT_PROTOTYPES = YES;
				CLANG_WARN_SUSPICIOUS_MOVE = YES;
				CLANG_WARN_UNGUARDED_AVAILABILITY = YES_AGGRESSIVE;
				CLANG_WARN_UNREACHABLE_CODE = YES;
				CLANG_WARN__DUPLICATE_METHOD_MATCH = YES;
				COPY_PHASE_STRIP = NO;
				DEBUG_INFORMATION_FORMAT = "dwarf-with-dsym";
				ENABLE_NS_ASSERTIONS = NO;
				ENABLE_STRICT_OBJC_MSGSEND = YES;
				GCC_C_LANGUAGE_STANDARD = gnu11;
				GCC_NO_COMMON_BLOCKS = YES;
				GCC_WARN_64_TO_32_BIT_CONVERSION = YES;
				GCC_WARN_ABOUT_RETURN_TYPE = YES_ERROR;
				GCC_WARN_UNDECLARED_SELECTOR = YES;
				GCC_WARN_UNINITIALIZED_AUTOS = YES_AGGRESSIVE;
				GCC_WARN_UNUSED_FUNCTION = YES;
				GCC_WARN_UNUSED_VARIABLE = YES;
				IPHONEOS_DEPLOYMENT_TARGET = 15.2;
				MTL_ENABLE_DEBUG_INFO = NO;
				MTL_FAST_MATH = YES;
				SDKROOT = iphoneos;
				SWIFT_COMPILATION_MODE = wholemodule;
				SWIFT_OPTIMIZATION_LEVEL = "-O";
				VALIDATE_PRODUCT = YES;
			};
			name = Release;
		};
		AC02FAA22957345B00C6DBB0 /* Debug */ = {
			isa = XCBuildConfiguration;
			baseConfigurationReference = A798E1706FB9E78278E9618F /* Pods-IFood.debug.xcconfig */;
			buildSettings = {
				ASSETCATALOG_COMPILER_APPICON_NAME = AppIcon;
				ASSETCATALOG_COMPILER_GLOBAL_ACCENT_COLOR_NAME = AccentColor;
				CODE_SIGN_STYLE = Automatic;
				CURRENT_PROJECT_VERSION = 1;
				GENERATE_INFOPLIST_FILE = YES;
				INFOPLIST_FILE = IFood/Info.plist;
				INFOPLIST_KEY_UIApplicationSupportsIndirectInputEvents = YES;
				INFOPLIST_KEY_UILaunchStoryboardName = LaunchScreen;
				INFOPLIST_KEY_UIMainStoryboardFile = Main;
				INFOPLIST_KEY_UISupportedInterfaceOrientations_iPad = "UIInterfaceOrientationPortrait UIInterfaceOrientationPortraitUpsideDown UIInterfaceOrientationLandscapeLeft UIInterfaceOrientationLandscapeRight";
				INFOPLIST_KEY_UISupportedInterfaceOrientations_iPhone = "UIInterfaceOrientationPortrait UIInterfaceOrientationLandscapeLeft UIInterfaceOrientationLandscapeRight";
				LD_RUNPATH_SEARCH_PATHS = (
					"$(inherited)",
					"@executable_path/Frameworks",
				);
				MARKETING_VERSION = 1.0;
				PRODUCT_BUNDLE_IDENTIFIER = artem.artem.IFood;
				PRODUCT_NAME = "$(TARGET_NAME)";
				SWIFT_EMIT_LOC_STRINGS = YES;
				SWIFT_VERSION = 5.0;
				TARGETED_DEVICE_FAMILY = "1,2";
			};
			name = Debug;
		};
		AC02FAA32957345B00C6DBB0 /* Release */ = {
			isa = XCBuildConfiguration;
			baseConfigurationReference = 643217581C26900DC30283FC /* Pods-IFood.release.xcconfig */;
			buildSettings = {
				ASSETCATALOG_COMPILER_APPICON_NAME = AppIcon;
				ASSETCATALOG_COMPILER_GLOBAL_ACCENT_COLOR_NAME = AccentColor;
				CODE_SIGN_STYLE = Automatic;
				CURRENT_PROJECT_VERSION = 1;
				GENERATE_INFOPLIST_FILE = YES;
				INFOPLIST_FILE = IFood/Info.plist;
				INFOPLIST_KEY_UIApplicationSupportsIndirectInputEvents = YES;
				INFOPLIST_KEY_UILaunchStoryboardName = LaunchScreen;
				INFOPLIST_KEY_UIMainStoryboardFile = Main;
				INFOPLIST_KEY_UISupportedInterfaceOrientations_iPad = "UIInterfaceOrientationPortrait UIInterfaceOrientationPortraitUpsideDown UIInterfaceOrientationLandscapeLeft UIInterfaceOrientationLandscapeRight";
				INFOPLIST_KEY_UISupportedInterfaceOrientations_iPhone = "UIInterfaceOrientationPortrait UIInterfaceOrientationLandscapeLeft UIInterfaceOrientationLandscapeRight";
				LD_RUNPATH_SEARCH_PATHS = (
					"$(inherited)",
					"@executable_path/Frameworks",
				);
				MARKETING_VERSION = 1.0;
				PRODUCT_BUNDLE_IDENTIFIER = artem.artem.IFood;
				PRODUCT_NAME = "$(TARGET_NAME)";
				SWIFT_EMIT_LOC_STRINGS = YES;
				SWIFT_VERSION = 5.0;
				TARGETED_DEVICE_FAMILY = "1,2";
			};
			name = Release;
		};
/* End XCBuildConfiguration section */

/* Begin XCConfigurationList section */
		AC02FA882957345300C6DBB0 /* Build configuration list for PBXProject "IFood" */ = {
			isa = XCConfigurationList;
			buildConfigurations = (
				AC02FA9F2957345B00C6DBB0 /* Debug */,
				AC02FAA02957345B00C6DBB0 /* Release */,
			);
			defaultConfigurationIsVisible = 0;
			defaultConfigurationName = Release;
		};
		AC02FAA12957345B00C6DBB0 /* Build configuration list for PBXNativeTarget "IFood" */ = {
			isa = XCConfigurationList;
			buildConfigurations = (
				AC02FAA22957345B00C6DBB0 /* Debug */,
				AC02FAA32957345B00C6DBB0 /* Release */,
			);
			defaultConfigurationIsVisible = 0;
			defaultConfigurationName = Release;
		};
/* End XCConfigurationList section */
	};
	rootObject = AC02FA852957345300C6DBB0 /* Project object */;
}
